{
  "name": "node_hotspot",
  "version": "1.0.0",
  "lockfileVersion": 1,
  "requires": true,
  "dependencies": {
    "bluebird": {
      "version": "3.5.1",
      "resolved": "https://registry.npmjs.org/bluebird/-/bluebird-3.5.1.tgz",
      "integrity": "sha512-MKiLiV+I1AA596t9w1sQJ8jkiSr5+ZKi0WKrYGUn6d1Fx+Ij4tIj+m2WMQSGczs5jZVxV339chE8iwk6F64wjA=="
    },
    "lodash": {
      "version": "3.10.1",
      "resolved": "https://registry.npmjs.org/lodash/-/lodash-3.10.1.tgz",
      "integrity": "sha1-W/Rejkm6QYnhfUgnid/RW9FAt7Y="
    },
    "node-hotspot": {
      "version": "0.1.7",
      "resolved": "https://registry.npmjs.org/node-hotspot/-/node-hotspot-0.1.7.tgz",
      "integrity": "sha1-QC9Z/R+LQkGQBV/lZYU08HM3ML0=",
      "requires": {
        "bluebird": "3.5.1",
        "lodash": "3.10.1"
      }
    }
  }
}
